// !$*UTF8*$!
{
	archiveVersion = 1;
	classes = {
	};
	objectVersion = 46;
	objects = {

/* Begin PBXBuildFile section */
		0DDE9586AB246A7CCAD2D102 /* Pods_rekeyTests.framework in Frameworks */ = {isa = PBXBuildFile; fileRef = 2F853BDA77269F0B0EDCD5FC /* Pods_rekeyTests.framework */; };
		677D0B61788974F35519AE0B /* Pods_rekey.framework in Frameworks */ = {isa = PBXBuildFile; fileRef = 4FCEA94F0A58CFB9F902D65F /* Pods_rekey.framework */; };
		972CC3382457381F00731F5F /* rekeyTests.swift in Sources */ = {isa = PBXBuildFile; fileRef = 972CC3372457381F00731F5F /* rekeyTests.swift */; };
		972CC3462457385200731F5F /* rekeyUITests.swift in Sources */ = {isa = PBXBuildFile; fileRef = 972CC3452457385200731F5F /* rekeyUITests.swift */; };
		973D96EC247C38E800558181 /* MainWindowController.swift in Sources */ = {isa = PBXBuildFile; fileRef = 973D96EB247C38E800558181 /* MainWindowController.swift */; };
		9772EFBC1FE543C700D6E9B0 /* AppDelegate.swift in Sources */ = {isa = PBXBuildFile; fileRef = 9772EFBB1FE543C700D6E9B0 /* AppDelegate.swift */; };
		9772EFBE1FE543C700D6E9B0 /* ViewController.swift in Sources */ = {isa = PBXBuildFile; fileRef = 9772EFBD1FE543C700D6E9B0 /* ViewController.swift */; };
		9772EFC01FE543C700D6E9B0 /* Assets.xcassets in Resources */ = {isa = PBXBuildFile; fileRef = 9772EFBF1FE543C700D6E9B0 /* Assets.xcassets */; };
		9772EFC31FE543C700D6E9B0 /* Main.storyboard in Resources */ = {isa = PBXBuildFile; fileRef = 9772EFC11FE543C700D6E9B0 /* Main.storyboard */; };
		C17790A1AEB3B8A588D949BE /* AppError.swift in Sources */ = {isa = PBXBuildFile; fileRef = C177928C520467533E6A7D2A /* AppError.swift */; };
		C177928693858773D614D754 /* AppService.swift in Sources */ = {isa = PBXBuildFile; fileRef = C1779549D7CE859F4AFDD37D /* AppService.swift */; };
		C177986EE4779C285E71B1F3 /* ConfigService.swift in Sources */ = {isa = PBXBuildFile; fileRef = C17799924336B007FAAEC95C /* ConfigService.swift */; };
		C17798F655AED3299FBA4758 /* CGPointExtension.swift in Sources */ = {isa = PBXBuildFile; fileRef = C1779B3D2FD34624D148C001 /* CGPointExtension.swift */; };
		C1779C46B65F68E53F7A4804 /* WindowService.swift in Sources */ = {isa = PBXBuildFile; fileRef = C1779D9082A252837C6865B4 /* WindowService.swift */; };
		C1779DC3DC806BCCF5483574 /* PointPhysics.swift in Sources */ = {isa = PBXBuildFile; fileRef = C1779535E2B50E4F0CBE740F /* PointPhysics.swift */; };
		C1779F64B3156EF4DF26946D /* WindowMoveHotKeyService.swift in Sources */ = {isa = PBXBuildFile; fileRef = C17790902C628B72076CC7F5 /* WindowMoveHotKeyService.swift */; };
		C1779FB1DF0477E69D2FCE81 /* AXUtils.swift in Sources */ = {isa = PBXBuildFile; fileRef = C1779BAB28B51E1527C5837A /* AXUtils.swift */; };
		D42A4E7DEC6614E0BDC791AC /* Pods_rekeyUITests.framework in Frameworks */ = {isa = PBXBuildFile; fileRef = 462216498F462C4B74D7FF79 /* Pods_rekeyUITests.framework */; };
/* End PBXBuildFile section */

/* Begin PBXContainerItemProxy section */
		972CC33A2457381F00731F5F /* PBXContainerItemProxy */ = {
			isa = PBXContainerItemProxy;
			containerPortal = 9772EFB01FE543C700D6E9B0 /* Project object */;
			proxyType = 1;
			remoteGlobalIDString = 9772EFB71FE543C700D6E9B0;
			remoteInfo = rekey;
		};
		972CC3482457385200731F5F /* PBXContainerItemProxy */ = {
			isa = PBXContainerItemProxy;
			containerPortal = 9772EFB01FE543C700D6E9B0 /* Project object */;
			proxyType = 1;
			remoteGlobalIDString = 9772EFB71FE543C700D6E9B0;
			remoteInfo = rekey;
		};
/* End PBXContainerItemProxy section */

/* Begin PBXFileReference section */
		2F853BDA77269F0B0EDCD5FC /* Pods_rekeyTests.framework */ = {isa = PBXFileReference; explicitFileType = wrapper.framework; includeInIndex = 0; path = Pods_rekeyTests.framework; sourceTree = BUILT_PRODUCTS_DIR; };
		3145A3D8B4E37AF65AB76080 /* Pods-rekeyTests.debug.xcconfig */ = {isa = PBXFileReference; includeInIndex = 1; lastKnownFileType = text.xcconfig; name = "Pods-rekeyTests.debug.xcconfig"; path = "Target Support Files/Pods-rekeyTests/Pods-rekeyTests.debug.xcconfig"; sourceTree = "<group>"; };
		35D69483FFBB69438C2785A1 /* Pods-rekey.release.xcconfig */ = {isa = PBXFileReference; includeInIndex = 1; lastKnownFileType = text.xcconfig; name = "Pods-rekey.release.xcconfig"; path = "Target Support Files/Pods-rekey/Pods-rekey.release.xcconfig"; sourceTree = "<group>"; };
		462216498F462C4B74D7FF79 /* Pods_rekeyUITests.framework */ = {isa = PBXFileReference; explicitFileType = wrapper.framework; includeInIndex = 0; path = Pods_rekeyUITests.framework; sourceTree = BUILT_PRODUCTS_DIR; };
		4FCEA94F0A58CFB9F902D65F /* Pods_rekey.framework */ = {isa = PBXFileReference; explicitFileType = wrapper.framework; includeInIndex = 0; path = Pods_rekey.framework; sourceTree = BUILT_PRODUCTS_DIR; };
		6F6913E84625AD8AC9F61986 /* Pods-rekeyTests.release.xcconfig */ = {isa = PBXFileReference; includeInIndex = 1; lastKnownFileType = text.xcconfig; name = "Pods-rekeyTests.release.xcconfig"; path = "Target Support Files/Pods-rekeyTests/Pods-rekeyTests.release.xcconfig"; sourceTree = "<group>"; };
		8360CA0164C1D7A94ADD286B /* Pods-rekeyUITests.debug.xcconfig */ = {isa = PBXFileReference; includeInIndex = 1; lastKnownFileType = text.xcconfig; name = "Pods-rekeyUITests.debug.xcconfig"; path = "Target Support Files/Pods-rekeyUITests/Pods-rekeyUITests.debug.xcconfig"; sourceTree = "<group>"; };
		972CC3352457381F00731F5F /* rekeyTests.xctest */ = {isa = PBXFileReference; explicitFileType = wrapper.cfbundle; includeInIndex = 0; path = rekeyTests.xctest; sourceTree = BUILT_PRODUCTS_DIR; };
		972CC3372457381F00731F5F /* rekeyTests.swift */ = {isa = PBXFileReference; lastKnownFileType = sourcecode.swift; path = rekeyTests.swift; sourceTree = "<group>"; };
		972CC3392457381F00731F5F /* Info.plist */ = {isa = PBXFileReference; lastKnownFileType = text.plist.xml; path = Info.plist; sourceTree = "<group>"; };
		972CC3432457385200731F5F /* rekeyUITests.xctest */ = {isa = PBXFileReference; explicitFileType = wrapper.cfbundle; includeInIndex = 0; path = rekeyUITests.xctest; sourceTree = BUILT_PRODUCTS_DIR; };
		972CC3452457385200731F5F /* rekeyUITests.swift */ = {isa = PBXFileReference; lastKnownFileType = sourcecode.swift; path = rekeyUITests.swift; sourceTree = "<group>"; };
		972CC3472457385200731F5F /* Info.plist */ = {isa = PBXFileReference; lastKnownFileType = text.plist.xml; path = Info.plist; sourceTree = "<group>"; };
		973D96EB247C38E800558181 /* MainWindowController.swift */ = {isa = PBXFileReference; lastKnownFileType = sourcecode.swift; path = MainWindowController.swift; sourceTree = "<group>"; };
		9772EFB81FE543C700D6E9B0 /* rekey.app */ = {isa = PBXFileReference; explicitFileType = wrapper.application; includeInIndex = 0; path = rekey.app; sourceTree = BUILT_PRODUCTS_DIR; };
		9772EFBB1FE543C700D6E9B0 /* AppDelegate.swift */ = {isa = PBXFileReference; lastKnownFileType = sourcecode.swift; name = AppDelegate.swift; path = ../rekey/AppDelegate.swift; sourceTree = "<group>"; };
		9772EFBD1FE543C700D6E9B0 /* ViewController.swift */ = {isa = PBXFileReference; lastKnownFileType = sourcecode.swift; name = ViewController.swift; path = ../rekey/ViewController.swift; sourceTree = "<group>"; };
		9772EFBF1FE543C700D6E9B0 /* Assets.xcassets */ = {isa = PBXFileReference; lastKnownFileType = folder.assetcatalog; name = Assets.xcassets; path = ../rekey/Assets.xcassets; sourceTree = "<group>"; };
		9772EFC21FE543C700D6E9B0 /* Base */ = {isa = PBXFileReference; lastKnownFileType = file.storyboard; name = Base; path = Base.lproj/Main.storyboard; sourceTree = "<group>"; };
		9772EFC41FE543C700D6E9B0 /* Info.plist */ = {isa = PBXFileReference; lastKnownFileType = text.plist.xml; name = Info.plist; path = ../rekey/Info.plist; sourceTree = "<group>"; };
		9DF3E992BA6B9390B56E1686 /* Pods-rekey.debug.xcconfig */ = {isa = PBXFileReference; includeInIndex = 1; lastKnownFileType = text.xcconfig; name = "Pods-rekey.debug.xcconfig"; path = "Target Support Files/Pods-rekey/Pods-rekey.debug.xcconfig"; sourceTree = "<group>"; };
		C17790902C628B72076CC7F5 /* WindowMoveHotKeyService.swift */ = {isa = PBXFileReference; fileEncoding = 4; lastKnownFileType = sourcecode.swift; path = WindowMoveHotKeyService.swift; sourceTree = "<group>"; };
		C177928C520467533E6A7D2A /* AppError.swift */ = {isa = PBXFileReference; fileEncoding = 4; lastKnownFileType = sourcecode.swift; path = AppError.swift; sourceTree = "<group>"; };
		C1779535E2B50E4F0CBE740F /* PointPhysics.swift */ = {isa = PBXFileReference; fileEncoding = 4; lastKnownFileType = sourcecode.swift; path = PointPhysics.swift; sourceTree = "<group>"; };
		C1779549D7CE859F4AFDD37D /* AppService.swift */ = {isa = PBXFileReference; fileEncoding = 4; lastKnownFileType = sourcecode.swift; path = AppService.swift; sourceTree = "<group>"; };
		C17799924336B007FAAEC95C /* ConfigService.swift */ = {isa = PBXFileReference; fileEncoding = 4; lastKnownFileType = sourcecode.swift; path = ConfigService.swift; sourceTree = "<group>"; };
		C1779B3D2FD34624D148C001 /* CGPointExtension.swift */ = {isa = PBXFileReference; fileEncoding = 4; lastKnownFileType = sourcecode.swift; path = CGPointExtension.swift; sourceTree = "<group>"; };
		C1779BAB28B51E1527C5837A /* AXUtils.swift */ = {isa = PBXFileReference; fileEncoding = 4; lastKnownFileType = sourcecode.swift; path = AXUtils.swift; sourceTree = "<group>"; };
		C1779D9082A252837C6865B4 /* WindowService.swift */ = {isa = PBXFileReference; fileEncoding = 4; lastKnownFileType = sourcecode.swift; path = WindowService.swift; sourceTree = "<group>"; };
		CFAB03E57BE86245CAA7AC2A /* Pods-rekeyUITests.release.xcconfig */ = {isa = PBXFileReference; includeInIndex = 1; lastKnownFileType = text.xcconfig; name = "Pods-rekeyUITests.release.xcconfig"; path = "Target Support Files/Pods-rekeyUITests/Pods-rekeyUITests.release.xcconfig"; sourceTree = "<group>"; };
/* End PBXFileReference section */

/* Begin PBXFrameworksBuildPhase section */
		972CC3322457381F00731F5F /* Frameworks */ = {
			isa = PBXFrameworksBuildPhase;
			buildActionMask = 2147483647;
			files = (
				0DDE9586AB246A7CCAD2D102 /* Pods_rekeyTests.framework in Frameworks */,
			);
			runOnlyForDeploymentPostprocessing = 0;
		};
		972CC3402457385200731F5F /* Frameworks */ = {
			isa = PBXFrameworksBuildPhase;
			buildActionMask = 2147483647;
			files = (
				D42A4E7DEC6614E0BDC791AC /* Pods_rekeyUITests.framework in Frameworks */,
			);
			runOnlyForDeploymentPostprocessing = 0;
		};
		9772EFB51FE543C700D6E9B0 /* Frameworks */ = {
			isa = PBXFrameworksBuildPhase;
			buildActionMask = 2147483647;
			files = (
				677D0B61788974F35519AE0B /* Pods_rekey.framework in Frameworks */,
			);
			runOnlyForDeploymentPostprocessing = 0;
		};
/* End PBXFrameworksBuildPhase section */

/* Begin PBXGroup section */
		66650CE1771A63BB61D15238 /* Pods */ = {
			isa = PBXGroup;
			children = (
				9DF3E992BA6B9390B56E1686 /* Pods-rekey.debug.xcconfig */,
				35D69483FFBB69438C2785A1 /* Pods-rekey.release.xcconfig */,
				3145A3D8B4E37AF65AB76080 /* Pods-rekeyTests.debug.xcconfig */,
				6F6913E84625AD8AC9F61986 /* Pods-rekeyTests.release.xcconfig */,
				8360CA0164C1D7A94ADD286B /* Pods-rekeyUITests.debug.xcconfig */,
				CFAB03E57BE86245CAA7AC2A /* Pods-rekeyUITests.release.xcconfig */,
			);
			path = Pods;
			sourceTree = "<group>";
		};
		972CC3362457381F00731F5F /* rekeyTests */ = {
			isa = PBXGroup;
			children = (
				972CC3372457381F00731F5F /* rekeyTests.swift */,
				972CC3392457381F00731F5F /* Info.plist */,
			);
			path = rekeyTests;
			sourceTree = "<group>";
		};
		972CC3442457385200731F5F /* rekeyUITests */ = {
			isa = PBXGroup;
			children = (
				972CC3452457385200731F5F /* rekeyUITests.swift */,
				972CC3472457385200731F5F /* Info.plist */,
			);
			path = rekeyUITests;
			sourceTree = "<group>";
		};
		9772EFAF1FE543C700D6E9B0 = {
			isa = PBXGroup;
			children = (
				9772EFBA1FE543C700D6E9B0 /* rekey */,
				972CC3362457381F00731F5F /* rekeyTests */,
				972CC3442457385200731F5F /* rekeyUITests */,
				9772EFB91FE543C700D6E9B0 /* Products */,
				66650CE1771A63BB61D15238 /* Pods */,
				AF90E02F61D5F0B5F74B9F36 /* Frameworks */,
			);
			sourceTree = "<group>";
		};
		9772EFB91FE543C700D6E9B0 /* Products */ = {
			isa = PBXGroup;
			children = (
				9772EFB81FE543C700D6E9B0 /* rekey.app */,
				972CC3352457381F00731F5F /* rekeyTests.xctest */,
				972CC3432457385200731F5F /* rekeyUITests.xctest */,
			);
			name = Products;
			sourceTree = "<group>";
		};
		9772EFBA1FE543C700D6E9B0 /* rekey */ = {
			isa = PBXGroup;
			children = (
				9772EFBB1FE543C700D6E9B0 /* AppDelegate.swift */,
				9772EFBD1FE543C700D6E9B0 /* ViewController.swift */,
				9772EFBF1FE543C700D6E9B0 /* Assets.xcassets */,
				9772EFC11FE543C700D6E9B0 /* Main.storyboard */,
				9772EFC41FE543C700D6E9B0 /* Info.plist */,
				C177997573BA0D2E8E9EB913 /* shared */,
				C1779AC1D06CF35DF267E0DA /* extensions */,
				C177910F48E32FE488FD593B /* services */,
				973D96EB247C38E800558181 /* MainWindowController.swift */,
			);
			path = rekey;
			sourceTree = "<group>";
		};
		AF90E02F61D5F0B5F74B9F36 /* Frameworks */ = {
			isa = PBXGroup;
			children = (
				4FCEA94F0A58CFB9F902D65F /* Pods_rekey.framework */,
				2F853BDA77269F0B0EDCD5FC /* Pods_rekeyTests.framework */,
				462216498F462C4B74D7FF79 /* Pods_rekeyUITests.framework */,
			);
			name = Frameworks;
			sourceTree = "<group>";
		};
		C177910F48E32FE488FD593B /* services */ = {
			isa = PBXGroup;
			children = (
				C1779549D7CE859F4AFDD37D /* AppService.swift */,
				C1779D9082A252837C6865B4 /* WindowService.swift */,
				C17790902C628B72076CC7F5 /* WindowMoveHotKeyService.swift */,
				C17799924336B007FAAEC95C /* ConfigService.swift */,
			);
			path = services;
			sourceTree = "<group>";
		};
		C177997573BA0D2E8E9EB913 /* shared */ = {
			isa = PBXGroup;
			children = (
				C1779535E2B50E4F0CBE740F /* PointPhysics.swift */,
				C177928C520467533E6A7D2A /* AppError.swift */,
				C1779BAB28B51E1527C5837A /* AXUtils.swift */,
			);
			path = shared;
			sourceTree = "<group>";
		};
		C1779AC1D06CF35DF267E0DA /* extensions */ = {
			isa = PBXGroup;
			children = (
				C1779B3D2FD34624D148C001 /* CGPointExtension.swift */,
			);
			path = extensions;
			sourceTree = "<group>";
		};
/* End PBXGroup section */

/* Begin PBXNativeTarget section */
		972CC3342457381F00731F5F /* rekeyTests */ = {
			isa = PBXNativeTarget;
			buildConfigurationList = 972CC33C2457381F00731F5F /* Build configuration list for PBXNativeTarget "rekeyTests" */;
			buildPhases = (
				7F4935C6D0EBA6E20CC890F3 /* [CP] Check Pods Manifest.lock */,
				972CC3312457381F00731F5F /* Sources */,
				972CC3322457381F00731F5F /* Frameworks */,
				972CC3332457381F00731F5F /* Resources */,
			);
			buildRules = (
			);
			dependencies = (
				972CC33B2457381F00731F5F /* PBXTargetDependency */,
			);
			name = rekeyTests;
			productName = rekeyTests;
			productReference = 972CC3352457381F00731F5F /* rekeyTests.xctest */;
			productType = "com.apple.product-type.bundle.unit-test";
		};
		972CC3422457385200731F5F /* rekeyUITests */ = {
			isa = PBXNativeTarget;
			buildConfigurationList = 972CC34A2457385200731F5F /* Build configuration list for PBXNativeTarget "rekeyUITests" */;
			buildPhases = (
				CBC75001FCF6D20046965283 /* [CP] Check Pods Manifest.lock */,
				972CC33F2457385200731F5F /* Sources */,
				972CC3402457385200731F5F /* Frameworks */,
				972CC3412457385200731F5F /* Resources */,
			);
			buildRules = (
			);
			dependencies = (
				972CC3492457385200731F5F /* PBXTargetDependency */,
			);
			name = rekeyUITests;
			productName = rekeyUITests;
			productReference = 972CC3432457385200731F5F /* rekeyUITests.xctest */;
			productType = "com.apple.product-type.bundle.ui-testing";
		};
		9772EFB71FE543C700D6E9B0 /* rekey */ = {
			isa = PBXNativeTarget;
			buildConfigurationList = 9772EFDD1FE543C700D6E9B0 /* Build configuration list for PBXNativeTarget "rekey" */;
			buildPhases = (
				68A13CC278D58D33B4BB4D11 /* [CP] Check Pods Manifest.lock */,
				9772EFB41FE543C700D6E9B0 /* Sources */,
				9772EFB51FE543C700D6E9B0 /* Frameworks */,
				9772EFB61FE543C700D6E9B0 /* Resources */,
				8C117554E21AF288FB506F28 /* [CP] Embed Pods Frameworks */,
			);
			buildRules = (
			);
			dependencies = (
			);
			name = rekey;
			productName = osxkeyremapper;
			productReference = 9772EFB81FE543C700D6E9B0 /* rekey.app */;
			productType = "com.apple.product-type.application";
		};
/* End PBXNativeTarget section */

/* Begin PBXProject section */
		9772EFB01FE543C700D6E9B0 /* Project object */ = {
			isa = PBXProject;
			attributes = {
				LastSwiftUpdateCheck = 1140;
				LastUpgradeCheck = 1140;
				ORGANIZATIONNAME = nemoto;
				TargetAttributes = {
					972CC3342457381F00731F5F = {
						CreatedOnToolsVersion = 11.4.1;
						ProvisioningStyle = Automatic;
						TestTargetID = 9772EFB71FE543C700D6E9B0;
					};
					972CC3422457385200731F5F = {
						CreatedOnToolsVersion = 11.4.1;
						ProvisioningStyle = Automatic;
						TestTargetID = 9772EFB71FE543C700D6E9B0;
					};
					9772EFB71FE543C700D6E9B0 = {
						CreatedOnToolsVersion = 8.2.1;
						LastSwiftMigration = 1140;
						ProvisioningStyle = Automatic;
					};
				};
			};
			buildConfigurationList = 9772EFB31FE543C700D6E9B0 /* Build configuration list for PBXProject "rekey" */;
			compatibilityVersion = "Xcode 3.2";
			developmentRegion = en;
			hasScannedForEncodings = 0;
			knownRegions = (
				en,
				Base,
			);
			mainGroup = 9772EFAF1FE543C700D6E9B0;
			productRefGroup = 9772EFB91FE543C700D6E9B0 /* Products */;
			projectDirPath = "";
			projectRoot = "";
			targets = (
				9772EFB71FE543C700D6E9B0 /* rekey */,
				972CC3342457381F00731F5F /* rekeyTests */,
				972CC3422457385200731F5F /* rekeyUITests */,
			);
		};
/* End PBXProject section */

/* Begin PBXResourcesBuildPhase section */
		972CC3332457381F00731F5F /* Resources */ = {
			isa = PBXResourcesBuildPhase;
			buildActionMask = 2147483647;
			files = (
			);
			runOnlyForDeploymentPostprocessing = 0;
		};
		972CC3412457385200731F5F /* Resources */ = {
			isa = PBXResourcesBuildPhase;
			buildActionMask = 2147483647;
			files = (
			);
			runOnlyForDeploymentPostprocessing = 0;
		};
		9772EFB61FE543C700D6E9B0 /* Resources */ = {
			isa = PBXResourcesBuildPhase;
			buildActionMask = 2147483647;
			files = (
				9772EFC01FE543C700D6E9B0 /* Assets.xcassets in Resources */,
				9772EFC31FE543C700D6E9B0 /* Main.storyboard in Resources */,
			);
			runOnlyForDeploymentPostprocessing = 0;
		};
/* End PBXResourcesBuildPhase section */

/* Begin PBXShellScriptBuildPhase section */
		68A13CC278D58D33B4BB4D11 /* [CP] Check Pods Manifest.lock */ = {
			isa = PBXShellScriptBuildPhase;
			buildActionMask = 2147483647;
			files = (
			);
			inputFileListPaths = (
			);
			inputPaths = (
				"${PODS_PODFILE_DIR_PATH}/Podfile.lock",
				"${PODS_ROOT}/Manifest.lock",
			);
			name = "[CP] Check Pods Manifest.lock";
			outputFileListPaths = (
			);
			outputPaths = (
				"$(DERIVED_FILE_DIR)/Pods-rekey-checkManifestLockResult.txt",
			);
			runOnlyForDeploymentPostprocessing = 0;
			shellPath = /bin/sh;
			shellScript = "diff \"${PODS_PODFILE_DIR_PATH}/Podfile.lock\" \"${PODS_ROOT}/Manifest.lock\" > /dev/null\nif [ $? != 0 ] ; then\n    # print error to STDERR\n    echo \"error: The sandbox is not in sync with the Podfile.lock. Run 'pod install' or update your CocoaPods installation.\" >&2\n    exit 1\nfi\n# This output is used by Xcode 'outputs' to avoid re-running this script phase.\necho \"SUCCESS\" > \"${SCRIPT_OUTPUT_FILE_0}\"\n";
			showEnvVarsInLog = 0;
		};
		7F4935C6D0EBA6E20CC890F3 /* [CP] Check Pods Manifest.lock */ = {
			isa = PBXShellScriptBuildPhase;
			buildActionMask = 2147483647;
			files = (
			);
			inputFileListPaths = (
			);
			inputPaths = (
				"${PODS_PODFILE_DIR_PATH}/Podfile.lock",
				"${PODS_ROOT}/Manifest.lock",
			);
			name = "[CP] Check Pods Manifest.lock";
			outputFileListPaths = (
			);
			outputPaths = (
				"$(DERIVED_FILE_DIR)/Pods-rekeyTests-checkManifestLockResult.txt",
			);
			runOnlyForDeploymentPostprocessing = 0;
			shellPath = /bin/sh;
			shellScript = "diff \"${PODS_PODFILE_DIR_PATH}/Podfile.lock\" \"${PODS_ROOT}/Manifest.lock\" > /dev/null\nif [ $? != 0 ] ; then\n    # print error to STDERR\n    echo \"error: The sandbox is not in sync with the Podfile.lock. Run 'pod install' or update your CocoaPods installation.\" >&2\n    exit 1\nfi\n# This output is used by Xcode 'outputs' to avoid re-running this script phase.\necho \"SUCCESS\" > \"${SCRIPT_OUTPUT_FILE_0}\"\n";
			showEnvVarsInLog = 0;
		};
		8C117554E21AF288FB506F28 /* [CP] Embed Pods Frameworks */ = {
			isa = PBXShellScriptBuildPhase;
			buildActionMask = 2147483647;
			files = (
			);
			inputPaths = (
				"${PODS_ROOT}/Target Support Files/Pods-rekey/Pods-rekey-frameworks.sh",
				"${BUILT_PRODUCTS_DIR}/HotKey/HotKey.framework",
				"${BUILT_PRODUCTS_DIR}/RxCocoa/RxCocoa.framework",
				"${BUILT_PRODUCTS_DIR}/RxRelay/RxRelay.framework",
				"${BUILT_PRODUCTS_DIR}/RxSwift/RxSwift.framework",
			);
			name = "[CP] Embed Pods Frameworks";
			outputPaths = (
				"${TARGET_BUILD_DIR}/${FRAMEWORKS_FOLDER_PATH}/HotKey.framework",
				"${TARGET_BUILD_DIR}/${FRAMEWORKS_FOLDER_PATH}/RxCocoa.framework",
				"${TARGET_BUILD_DIR}/${FRAMEWORKS_FOLDER_PATH}/RxRelay.framework",
				"${TARGET_BUILD_DIR}/${FRAMEWORKS_FOLDER_PATH}/RxSwift.framework",
			);
			runOnlyForDeploymentPostprocessing = 0;
			shellPath = /bin/sh;
			shellScript = "\"${PODS_ROOT}/Target Support Files/Pods-rekey/Pods-rekey-frameworks.sh\"\n";
			showEnvVarsInLog = 0;
		};
		CBC75001FCF6D20046965283 /* [CP] Check Pods Manifest.lock */ = {
			isa = PBXShellScriptBuildPhase;
			buildActionMask = 2147483647;
			files = (
			);
			inputFileListPaths = (
			);
			inputPaths = (
				"${PODS_PODFILE_DIR_PATH}/Podfile.lock",
				"${PODS_ROOT}/Manifest.lock",
			);
			name = "[CP] Check Pods Manifest.lock";
			outputFileListPaths = (
			);
			outputPaths = (
				"$(DERIVED_FILE_DIR)/Pods-rekeyUITests-checkManifestLockResult.txt",
			);
			runOnlyForDeploymentPostprocessing = 0;
			shellPath = /bin/sh;
			shellScript = "diff \"${PODS_PODFILE_DIR_PATH}/Podfile.lock\" \"${PODS_ROOT}/Manifest.lock\" > /dev/null\nif [ $? != 0 ] ; then\n    # print error to STDERR\n    echo \"error: The sandbox is not in sync with the Podfile.lock. Run 'pod install' or update your CocoaPods installation.\" >&2\n    exit 1\nfi\n# This output is used by Xcode 'outputs' to avoid re-running this script phase.\necho \"SUCCESS\" > \"${SCRIPT_OUTPUT_FILE_0}\"\n";
			showEnvVarsInLog = 0;
		};
/* End PBXShellScriptBuildPhase section */

/* Begin PBXSourcesBuildPhase section */
		972CC3312457381F00731F5F /* Sources */ = {
			isa = PBXSourcesBuildPhase;
			buildActionMask = 2147483647;
			files = (
				972CC3382457381F00731F5F /* rekeyTests.swift in Sources */,
			);
			runOnlyForDeploymentPostprocessing = 0;
		};
		972CC33F2457385200731F5F /* Sources */ = {
			isa = PBXSourcesBuildPhase;
			buildActionMask = 2147483647;
			files = (
				972CC3462457385200731F5F /* rekeyUITests.swift in Sources */,
			);
			runOnlyForDeploymentPostprocessing = 0;
		};
		9772EFB41FE543C700D6E9B0 /* Sources */ = {
			isa = PBXSourcesBuildPhase;
			buildActionMask = 2147483647;
			files = (
				973D96EC247C38E800558181 /* MainWindowController.swift in Sources */,
				9772EFBE1FE543C700D6E9B0 /* ViewController.swift in Sources */,
				9772EFBC1FE543C700D6E9B0 /* AppDelegate.swift in Sources */,
				C1779DC3DC806BCCF5483574 /* PointPhysics.swift in Sources */,
				C17790A1AEB3B8A588D949BE /* AppError.swift in Sources */,
				C1779FB1DF0477E69D2FCE81 /* AXUtils.swift in Sources */,
				C17798F655AED3299FBA4758 /* CGPointExtension.swift in Sources */,
				C177928693858773D614D754 /* AppService.swift in Sources */,
				C1779C46B65F68E53F7A4804 /* WindowService.swift in Sources */,
				C1779F64B3156EF4DF26946D /* WindowMoveHotKeyService.swift in Sources */,
				C177986EE4779C285E71B1F3 /* ConfigService.swift in Sources */,
			);
			runOnlyForDeploymentPostprocessing = 0;
		};
/* End PBXSourcesBuildPhase section */

/* Begin PBXTargetDependency section */
		972CC33B2457381F00731F5F /* PBXTargetDependency */ = {
			isa = PBXTargetDependency;
			target = 9772EFB71FE543C700D6E9B0 /* rekey */;
			targetProxy = 972CC33A2457381F00731F5F /* PBXContainerItemProxy */;
		};
		972CC3492457385200731F5F /* PBXTargetDependency */ = {
			isa = PBXTargetDependency;
			target = 9772EFB71FE543C700D6E9B0 /* rekey */;
			targetProxy = 972CC3482457385200731F5F /* PBXContainerItemProxy */;
		};
/* End PBXTargetDependency section */

/* Begin PBXVariantGroup section */
		9772EFC11FE543C700D6E9B0 /* Main.storyboard */ = {
			isa = PBXVariantGroup;
			children = (
				9772EFC21FE543C700D6E9B0 /* Base */,
			);
			name = Main.storyboard;
			sourceTree = "<group>";
		};
/* End PBXVariantGroup section */

/* Begin XCBuildConfiguration section */
		972CC33D2457381F00731F5F /* Debug */ = {
			isa = XCBuildConfiguration;
			baseConfigurationReference = 3145A3D8B4E37AF65AB76080 /* Pods-rekeyTests.debug.xcconfig */;
			buildSettings = {
				BUNDLE_LOADER = "$(TEST_HOST)";
				CLANG_ANALYZER_NUMBER_OBJECT_CONVERSION = YES_AGGRESSIVE;
				CLANG_CXX_LANGUAGE_STANDARD = "gnu++14";
				CLANG_ENABLE_OBJC_WEAK = YES;
				CLANG_WARN_UNGUARDED_AVAILABILITY = YES_AGGRESSIVE;
				CODE_SIGN_STYLE = Automatic;
				COMBINE_HIDPI_IMAGES = YES;
				GCC_C_LANGUAGE_STANDARD = gnu11;
				INFOPLIST_FILE = rekeyTests/Info.plist;
				LD_RUNPATH_SEARCH_PATHS = "$(inherited) @executable_path/../Frameworks @loader_path/../Frameworks";
				MACOSX_DEPLOYMENT_TARGET = 10.15;
				MTL_ENABLE_DEBUG_INFO = INCLUDE_SOURCE;
				MTL_FAST_MATH = YES;
				PRODUCT_BUNDLE_IDENTIFIER = com.nemolize.rekeyTests;
				PRODUCT_NAME = "$(TARGET_NAME)";
				SWIFT_VERSION = 5.0;
				TEST_HOST = "$(BUILT_PRODUCTS_DIR)/rekey.app/Contents/MacOS/rekey";
			};
			name = Debug;
		};
		972CC33E2457381F00731F5F /* Release */ = {
			isa = XCBuildConfiguration;
			baseConfigurationReference = 6F6913E84625AD8AC9F61986 /* Pods-rekeyTests.release.xcconfig */;
			buildSettings = {
				BUNDLE_LOADER = "$(TEST_HOST)";
				CLANG_ANALYZER_NUMBER_OBJECT_CONVERSION = YES_AGGRESSIVE;
				CLANG_CXX_LANGUAGE_STANDARD = "gnu++14";
				CLANG_ENABLE_OBJC_WEAK = YES;
				CLANG_WARN_UNGUARDED_AVAILABILITY = YES_AGGRESSIVE;
				CODE_SIGN_STYLE = Automatic;
				COMBINE_HIDPI_IMAGES = YES;
				GCC_C_LANGUAGE_STANDARD = gnu11;
				INFOPLIST_FILE = rekeyTests/Info.plist;
				LD_RUNPATH_SEARCH_PATHS = "$(inherited) @executable_path/../Frameworks @loader_path/../Frameworks";
				MACOSX_DEPLOYMENT_TARGET = 10.15;
				MTL_FAST_MATH = YES;
				PRODUCT_BUNDLE_IDENTIFIER = com.nemolize.rekeyTests;
				PRODUCT_NAME = "$(TARGET_NAME)";
				SWIFT_VERSION = 5.0;
				TEST_HOST = "$(BUILT_PRODUCTS_DIR)/rekey.app/Contents/MacOS/rekey";
			};
			name = Release;
		};
		972CC34B2457385200731F5F /* Debug */ = {
			isa = XCBuildConfiguration;
			baseConfigurationReference = 8360CA0164C1D7A94ADD286B /* Pods-rekeyUITests.debug.xcconfig */;
			buildSettings = {
				CLANG_ANALYZER_NUMBER_OBJECT_CONVERSION = YES_AGGRESSIVE;
				CLANG_CXX_LANGUAGE_STANDARD = "gnu++14";
				CLANG_ENABLE_OBJC_WEAK = YES;
				CLANG_WARN_UNGUARDED_AVAILABILITY = YES_AGGRESSIVE;
				CODE_SIGN_STYLE = Automatic;
				COMBINE_HIDPI_IMAGES = YES;
				GCC_C_LANGUAGE_STANDARD = gnu11;
				INFOPLIST_FILE = rekeyUITests/Info.plist;
				LD_RUNPATH_SEARCH_PATHS = "$(inherited) @executable_path/../Frameworks @loader_path/../Frameworks";
				MACOSX_DEPLOYMENT_TARGET = 10.15;
				MTL_ENABLE_DEBUG_INFO = INCLUDE_SOURCE;
				MTL_FAST_MATH = YES;
				PRODUCT_BUNDLE_IDENTIFIER = com.nemolize.rekeyUITests;
				PRODUCT_NAME = "$(TARGET_NAME)";
				SWIFT_VERSION = 5.0;
				TEST_TARGET_NAME = rekey;
			};
			name = Debug;
		};
		972CC34C2457385200731F5F /* Release */ = {
			isa = XCBuildConfiguration;
			baseConfigurationReference = CFAB03E57BE86245CAA7AC2A /* Pods-rekeyUITests.release.xcconfig */;
			buildSettings = {
				CLANG_ANALYZER_NUMBER_OBJECT_CONVERSION = YES_AGGRESSIVE;
				CLANG_CXX_LANGUAGE_STANDARD = "gnu++14";
				CLANG_ENABLE_OBJC_WEAK = YES;
				CLANG_WARN_UNGUARDED_AVAILABILITY = YES_AGGRESSIVE;
				CODE_SIGN_STYLE = Automatic;
				COMBINE_HIDPI_IMAGES = YES;
				GCC_C_LANGUAGE_STANDARD = gnu11;
				INFOPLIST_FILE = rekeyUITests/Info.plist;
				LD_RUNPATH_SEARCH_PATHS = "$(inherited) @executable_path/../Frameworks @loader_path/../Frameworks";
				MACOSX_DEPLOYMENT_TARGET = 10.15;
				MTL_FAST_MATH = YES;
				PRODUCT_BUNDLE_IDENTIFIER = com.nemolize.rekeyUITests;
				PRODUCT_NAME = "$(TARGET_NAME)";
				SWIFT_VERSION = 5.0;
				TEST_TARGET_NAME = rekey;
			};
			name = Release;
		};
		9772EFDB1FE543C700D6E9B0 /* Debug */ = {
			isa = XCBuildConfiguration;
			buildSettings = {
				ALWAYS_SEARCH_USER_PATHS = NO;
				CLANG_ANALYZER_NONNULL = YES;
				CLANG_CXX_LANGUAGE_STANDARD = "gnu++0x";
				CLANG_CXX_LIBRARY = "libc++";
				CLANG_ENABLE_MODULES = YES;
				CLANG_ENABLE_OBJC_ARC = YES;
				CLANG_WARN_BLOCK_CAPTURE_AUTORELEASING = YES;
				CLANG_WARN_BOOL_CONVERSION = YES;
				CLANG_WARN_COMMA = YES;
				CLANG_WARN_CONSTANT_CONVERSION = YES;
				CLANG_WARN_DEPRECATED_OBJC_IMPLEMENTATIONS = YES;
				CLANG_WARN_DIRECT_OBJC_ISA_USAGE = YES_ERROR;
				CLANG_WARN_DOCUMENTATION_COMMENTS = YES;
				CLANG_WARN_EMPTY_BODY = YES;
				CLANG_WARN_ENUM_CONVERSION = YES;
				CLANG_WARN_INFINITE_RECURSION = YES;
				CLANG_WARN_INT_CONVERSION = YES;
				CLANG_WARN_NON_LITERAL_NULL_CONVERSION = YES;
				CLANG_WARN_OBJC_IMPLICIT_RETAIN_SELF = YES;
				CLANG_WARN_OBJC_LITERAL_CONVERSION = YES;
				CLANG_WARN_OBJC_ROOT_CLASS = YES_ERROR;
				CLANG_WARN_RANGE_LOOP_ANALYSIS = YES;
				CLANG_WARN_STRICT_PROTOTYPES = YES;
				CLANG_WARN_SUSPICIOUS_MOVE = YES;
				CLANG_WARN_UNREACHABLE_CODE = YES;
				CLANG_WARN__DUPLICATE_METHOD_MATCH = YES;
				CODE_SIGN_IDENTITY = "-";
				COPY_PHASE_STRIP = NO;
				DEBUG_INFORMATION_FORMAT = dwarf;
				ENABLE_STRICT_OBJC_MSGSEND = YES;
				ENABLE_TESTABILITY = YES;
				GCC_C_LANGUAGE_STANDARD = gnu99;
				GCC_DYNAMIC_NO_PIC = NO;
				GCC_NO_COMMON_BLOCKS = YES;
				GCC_OPTIMIZATION_LEVEL = 0;
				GCC_PREPROCESSOR_DEFINITIONS = (
					"DEBUG=1",
					"$(inherited)",
				);
				GCC_WARN_64_TO_32_BIT_CONVERSION = YES;
				GCC_WARN_ABOUT_RETURN_TYPE = YES_ERROR;
				GCC_WARN_UNDECLARED_SELECTOR = YES;
				GCC_WARN_UNINITIALIZED_AUTOS = YES_AGGRESSIVE;
				GCC_WARN_UNUSED_FUNCTION = YES;
				GCC_WARN_UNUSED_VARIABLE = YES;
				MACOSX_DEPLOYMENT_TARGET = 10.13;
				MTL_ENABLE_DEBUG_INFO = YES;
				ONLY_ACTIVE_ARCH = YES;
				SDKROOT = macosx;
				SWIFT_ACTIVE_COMPILATION_CONDITIONS = DEBUG;
				SWIFT_OPTIMIZATION_LEVEL = "-Onone";
				SWIFT_VERSION = 5.0;
			};
			name = Debug;
		};
		9772EFDC1FE543C700D6E9B0 /* Release */ = {
			isa = XCBuildConfiguration;
			buildSettings = {
				ALWAYS_SEARCH_USER_PATHS = NO;
				CLANG_ANALYZER_NONNULL = YES;
				CLANG_CXX_LANGUAGE_STANDARD = "gnu++0x";
				CLANG_CXX_LIBRARY = "libc++";
				CLANG_ENABLE_MODULES = YES;
				CLANG_ENABLE_OBJC_ARC = YES;
				CLANG_WARN_BLOCK_CAPTURE_AUTORELEASING = YES;
				CLANG_WARN_BOOL_CONVERSION = YES;
				CLANG_WARN_COMMA = YES;
				CLANG_WARN_CONSTANT_CONVERSION = YES;
				CLANG_WARN_DEPRECATED_OBJC_IMPLEMENTATIONS = YES;
				CLANG_WARN_DIRECT_OBJC_ISA_USAGE = YES_ERROR;
				CLANG_WARN_DOCUMENTATION_COMMENTS = YES;
				CLANG_WARN_EMPTY_BODY = YES;
				CLANG_WARN_ENUM_CONVERSION = YES;
				CLANG_WARN_INFINITE_RECURSION = YES;
				CLANG_WARN_INT_CONVERSION = YES;
				CLANG_WARN_NON_LITERAL_NULL_CONVERSION = YES;
				CLANG_WARN_OBJC_IMPLICIT_RETAIN_SELF = YES;
				CLANG_WARN_OBJC_LITERAL_CONVERSION = YES;
				CLANG_WARN_OBJC_ROOT_CLASS = YES_ERROR;
				CLANG_WARN_RANGE_LOOP_ANALYSIS = YES;
				CLANG_WARN_STRICT_PROTOTYPES = YES;
				CLANG_WARN_SUSPICIOUS_MOVE = YES;
				CLANG_WARN_UNREACHABLE_CODE = YES;
				CLANG_WARN__DUPLICATE_METHOD_MATCH = YES;
				CODE_SIGN_IDENTITY = "-";
				COPY_PHASE_STRIP = NO;
				DEBUG_INFORMATION_FORMAT = "dwarf-with-dsym";
				ENABLE_NS_ASSERTIONS = NO;
				ENABLE_STRICT_OBJC_MSGSEND = YES;
				GCC_C_LANGUAGE_STANDARD = gnu99;
				GCC_NO_COMMON_BLOCKS = YES;
				GCC_WARN_64_TO_32_BIT_CONVERSION = YES;
				GCC_WARN_ABOUT_RETURN_TYPE = YES_ERROR;
				GCC_WARN_UNDECLARED_SELECTOR = YES;
				GCC_WARN_UNINITIALIZED_AUTOS = YES_AGGRESSIVE;
				GCC_WARN_UNUSED_FUNCTION = YES;
				GCC_WARN_UNUSED_VARIABLE = YES;
				MACOSX_DEPLOYMENT_TARGET = 10.13;
				MTL_ENABLE_DEBUG_INFO = NO;
				SDKROOT = macosx;
				SWIFT_OPTIMIZATION_LEVEL = "-Owholemodule";
				SWIFT_VERSION = 5.0;
			};
			name = Release;
		};
		9772EFDE1FE543C700D6E9B0 /* Debug */ = {
			isa = XCBuildConfiguration;
			baseConfigurationReference = 9DF3E992BA6B9390B56E1686 /* Pods-rekey.debug.xcconfig */;
			buildSettings = {
				ASSETCATALOG_COMPILER_APPICON_NAME = AppIcon;
				CLANG_ENABLE_MODULES = YES;
				CODE_SIGN_IDENTITY = "-";
				COMBINE_HIDPI_IMAGES = YES;
				FRAMEWORK_SEARCH_PATHS = "$(inherited)";
				INFOPLIST_FILE = rekey/Info.plist;
				LD_RUNPATH_SEARCH_PATHS = "$(inherited) @executable_path/../Frameworks";
				PRODUCT_BUNDLE_IDENTIFIER = com.github.nemolize.rekey;
				PRODUCT_NAME = "$(TARGET_NAME)";
				SWIFT_OPTIMIZATION_LEVEL = "-Onone";
				SWIFT_VERSION = 5.0;
			};
			name = Debug;
		};
		9772EFDF1FE543C700D6E9B0 /* Release */ = {
			isa = XCBuildConfiguration;
			baseConfigurationReference = 35D69483FFBB69438C2785A1 /* Pods-rekey.release.xcconfig */;
			buildSettings = {
				ASSETCATALOG_COMPILER_APPICON_NAME = AppIcon;
				CLANG_ENABLE_MODULES = YES;
				CODE_SIGN_IDENTITY = "-";
				COMBINE_HIDPI_IMAGES = YES;
				FRAMEWORK_SEARCH_PATHS = "$(inherited)";
				INFOPLIST_FILE = rekey/Info.plist;
				LD_RUNPATH_SEARCH_PATHS = "$(inherited) @executable_path/../Frameworks";
				PRODUCT_BUNDLE_IDENTIFIER = com.github.nemolize.rekey;
				PRODUCT_NAME = "$(TARGET_NAME)";
				SWIFT_VERSION = 5.0;
			};
			name = Release;
		};
/* End XCBuildConfiguration section */

/* Begin XCConfigurationList section */
		972CC33C2457381F00731F5F /* Build configuration list for PBXNativeTarget "rekeyTests" */ = {
			isa = XCConfigurationList;
			buildConfigurations = (
				972CC33D2457381F00731F5F /* Debug */,
				972CC33E2457381F00731F5F /* Release */,
			);
			defaultConfigurationIsVisible = 0;
			defaultConfigurationName = Release;
		};
		972CC34A2457385200731F5F /* Build configuration list for PBXNativeTarget "rekeyUITests" */ = {
			isa = XCConfigurationList;
			buildConfigurations = (
				972CC34B2457385200731F5F /* Debug */,
				972CC34C2457385200731F5F /* Release */,
			);
			defaultConfigurationIsVisible = 0;
			defaultConfigurationName = Release;
		};
		9772EFB31FE543C700D6E9B0 /* Build configuration list for PBXProject "rekey" */ = {
			isa = XCConfigurationList;
			buildConfigurations = (
				9772EFDB1FE543C700D6E9B0 /* Debug */,
				9772EFDC1FE543C700D6E9B0 /* Release */,
			);
			defaultConfigurationIsVisible = 0;
			defaultConfigurationName = Release;
		};
		9772EFDD1FE543C700D6E9B0 /* Build configuration list for PBXNativeTarget "rekey" */ = {
			isa = XCConfigurationList;
			buildConfigurations = (
				9772EFDE1FE543C700D6E9B0 /* Debug */,
				9772EFDF1FE543C700D6E9B0 /* Release */,
			);
			defaultConfigurationIsVisible = 0;
			defaultConfigurationName = Release;
		};
/* End XCConfigurationList section */
	};
	rootObject = 9772EFB01FE543C700D6E9B0 /* Project object */;
}
